// !$*UTF8*$!
{
	archiveVersion = 1;
	classes = {
	};
	objectVersion = 46;
	objects = {

/* Begin PBXBuildFile section */
		C2922FDF1DC322B900AD8E2A /* AppDelegate.swift in Sources */ = {isa = PBXBuildFile; fileRef = C2922FDE1DC322B900AD8E2A /* AppDelegate.swift */; };
		C2922FE11DC322B900AD8E2A /* MasterViewController.swift in Sources */ = {isa = PBXBuildFile; fileRef = C2922FE01DC322B900AD8E2A /* MasterViewController.swift */; };
		C2922FE31DC322B900AD8E2A /* DetailViewController.swift in Sources */ = {isa = PBXBuildFile; fileRef = C2922FE21DC322B900AD8E2A /* DetailViewController.swift */; };
		C2922FE61DC322B900AD8E2A /* Main.storyboard in Resources */ = {isa = PBXBuildFile; fileRef = C2922FE41DC322B900AD8E2A /* Main.storyboard */; };
		C2922FE81DC322B900AD8E2A /* Assets.xcassets in Resources */ = {isa = PBXBuildFile; fileRef = C2922FE71DC322B900AD8E2A /* Assets.xcassets */; };
		C2922FEB1DC322B900AD8E2A /* LaunchScreen.storyboard in Resources */ = {isa = PBXBuildFile; fileRef = C2922FE91DC322B900AD8E2A /* LaunchScreen.storyboard */; };
/* End PBXBuildFile section */

/* Begin PBXFileReference section */
		C2922FDB1DC322B900AD8E2A /* AnimationDemo.app */ = {isa = PBXFileReference; explicitFileType = wrapper.application; includeInIndex = 0; path = AnimationDemo.app; sourceTree = BUILT_PRODUCTS_DIR; };
		C2922FDE1DC322B900AD8E2A /* AppDelegate.swift */ = {isa = PBXFileReference; lastKnownFileType = sourcecode.swift; path = AppDelegate.swift; sourceTree = "<group>"; };
		C2922FE01DC322B900AD8E2A /* MasterViewController.swift */ = {isa = PBXFileReference; lastKnownFileType = sourcecode.swift; path = MasterViewController.swift; sourceTree = "<group>"; };
		C2922FE21DC322B900AD8E2A /* DetailViewController.swift */ = {isa = PBXFileReference; lastKnownFileType = sourcecode.swift; path = DetailViewController.swift; sourceTree = "<group>"; };
		C2922FE51DC322B900AD8E2A /* Base */ = {isa = PBXFileReference; lastKnownFileType = file.storyboard; name = Base; path = Base.lproj/Main.storyboard; sourceTree = "<group>"; };
		C2922FE71DC322B900AD8E2A /* Assets.xcassets */ = {isa = PBXFileReference; lastKnownFileType = folder.assetcatalog; path = Assets.xcassets; sourceTree = "<group>"; };
		C2922FEA1DC322B900AD8E2A /* Base */ = {isa = PBXFileReference; lastKnownFileType = file.storyboard; name = Base; path = Base.lproj/LaunchScreen.storyboard; sourceTree = "<group>"; };
		C2922FEC1DC322B900AD8E2A /* Info.plist */ = {isa = PBXFileReference; lastKnownFileType = text.plist.xml; path = Info.plist; sourceTree = "<group>"; };
/* End PBXFileReference section */

/* Begin PBXFrameworksBuildPhase section */
		C2922FD81DC322B900AD8E2A /* Frameworks */ = {
			isa = PBXFrameworksBuildPhase;
			buildActionMask = 2147483647;
			files = (
			);
			runOnlyForDeploymentPostprocessing = 0;
		};
/* End PBXFrameworksBuildPhase section */

/* Begin PBXGroup section */
		C2922FD21DC322B900AD8E2A = {
			isa = PBXGroup;
			children = (
				C2922FDD1DC322B900AD8E2A /* AnimationDemo */,
				C2922FDC1DC322B900AD8E2A /* Products */,
			);
			sourceTree = "<group>";
		};
		C2922FDC1DC322B900AD8E2A /* Products */ = {
			isa = PBXGroup;
			children = (
				C2922FDB1DC322B900AD8E2A /* AnimationDemo.app */,
			);
			name = Products;
			sourceTree = "<group>";
		};
		C2922FDD1DC322B900AD8E2A /* AnimationDemo */ = {
			isa = PBXGroup;
			children = (
				C2922FDE1DC322B900AD8E2A /* AppDelegate.swift */,
				C2922FE01DC322B900AD8E2A /* MasterViewController.swift */,
				C2922FE21DC322B900AD8E2A /* DetailViewController.swift */,
				C2922FE41DC322B900AD8E2A /* Main.storyboard */,
				C2922FE71DC322B900AD8E2A /* Assets.xcassets */,
				C2922FE91DC322B900AD8E2A /* LaunchScreen.storyboard */,
				C2922FEC1DC322B900AD8E2A /* Info.plist */,
			);
			path = AnimationDemo;
			sourceTree = "<group>";
		};
/* End PBXGroup section */

/* Begin PBXNativeTarget section */
		C2922FDA1DC322B900AD8E2A /* AnimationDemo */ = {
			isa = PBXNativeTarget;
			buildConfigurationList = C2922FEF1DC322B900AD8E2A /* Build configuration list for PBXNativeTarget "AnimationDemo" */;
			buildPhases = (
				C2922FD71DC322B900AD8E2A /* Sources */,
				C2922FD81DC322B900AD8E2A /* Frameworks */,
				C2922FD91DC322B900AD8E2A /* Resources */,
			);
			buildRules = (
			);
			dependencies = (
			);
			name = AnimationDemo;
			productName = AnimationDemo;
			productReference = C2922FDB1DC322B900AD8E2A /* AnimationDemo.app */;
			productType = "com.apple.product-type.application";
		};
/* End PBXNativeTarget section */

/* Begin PBXProject section */
		C2922FD31DC322B900AD8E2A /* Project object */ = {
			isa = PBXProject;
			attributes = {
				LastSwiftUpdateCheck = 0800;
				LastUpgradeCheck = 0810;
				ORGANIZATIONNAME = Tencent;
				TargetAttributes = {
					C2922FDA1DC322B900AD8E2A = {
						CreatedOnToolsVersion = 8.0;
						DevelopmentTeam = 299MFJ63GP;
						ProvisioningStyle = Manual;
					};
				};
			};
			buildConfigurationList = C2922FD61DC322B900AD8E2A /* Build configuration list for PBXProject "AnimationDemo" */;
			compatibilityVersion = "Xcode 3.2";
			developmentRegion = English;
			hasScannedForEncodings = 0;
			knownRegions = (
				en,
				Base,
			);
			mainGroup = C2922FD21DC322B900AD8E2A;
			productRefGroup = C2922FDC1DC322B900AD8E2A /* Products */;
			projectDirPath = "";
			projectRoot = "";
			targets = (
				C2922FDA1DC322B900AD8E2A /* AnimationDemo */,
			);
		};
/* End PBXProject section */

/* Begin PBXResourcesBuildPhase section */
		C2922FD91DC322B900AD8E2A /* Resources */ = {
			isa = PBXResourcesBuildPhase;
			buildActionMask = 2147483647;
			files = (
				C2922FEB1DC322B900AD8E2A /* LaunchScreen.storyboard in Resources */,
				C2922FE81DC322B900AD8E2A /* Assets.xcassets in Resources */,
				C2922FE61DC322B900AD8E2A /* Main.storyboard in Resources */,
			);
			runOnlyForDeploymentPostprocessing = 0;
		};
/* End PBXResourcesBuildPhase section */

/* Begin PBXSourcesBuildPhase section */
		C2922FD71DC322B900AD8E2A /* Sources */ = {
			isa = PBXSourcesBuildPhase;
			buildActionMask = 2147483647;
			files = (
				C2922FE31DC322B900AD8E2A /* DetailViewController.swift in Sources */,
				C2922FE11DC322B900AD8E2A /* MasterViewController.swift in Sources */,
				C2922FDF1DC322B900AD8E2A /* AppDelegate.swift in Sources */,
			);
			runOnlyForDeploymentPostprocessing = 0;
		};
/* End PBXSourcesBuildPhase section */

/* Begin PBXVariantGroup section */
		C2922FE41DC322B900AD8E2A /* Main.storyboard */ = {
			isa = PBXVariantGroup;
			children = (
				C2922FE51DC322B900AD8E2A /* Base */,
			);
			name = Main.storyboard;
			sourceTree = "<group>";
		};
		C2922FE91DC322B900AD8E2A /* LaunchScreen.storyboard */ = {
			isa = PBXVariantGroup;
			children = (
				C2922FEA1DC322B900AD8E2A /* Base */,
			);
			name = LaunchScreen.storyboard;
			sourceTree = "<group>";
		};
/* End PBXVariantGroup section */

/* Begin XCBuildConfiguration section */
		C2922FED1DC322B900AD8E2A /* Debug */ = {
			isa = XCBuildConfiguration;
			buildSettings = {
				ALWAYS_SEARCH_USER_PATHS = NO;
				CLANG_ANALYZER_NONNULL = YES;
				CLANG_CXX_LANGUAGE_STANDARD = "gnu++0x";
				CLANG_CXX_LIBRARY = "libc++";
				CLANG_ENABLE_MODULES = YES;
				CLANG_ENABLE_OBJC_ARC = YES;
				CLANG_WARN_BOOL_CONVERSION = YES;
				CLANG_WARN_CONSTANT_CONVERSION = YES;
				CLANG_WARN_DIRECT_OBJC_ISA_USAGE = YES_ERROR;
				CLANG_WARN_DOCUMENTATION_COMMENTS = YES;
				CLANG_WARN_EMPTY_BODY = YES;
				CLANG_WARN_ENUM_CONVERSION = YES;
				CLANG_WARN_INFINITE_RECURSION = YES;
				CLANG_WARN_INT_CONVERSION = YES;
				CLANG_WARN_OBJC_ROOT_CLASS = YES_ERROR;
				CLANG_WARN_SUSPICIOUS_MOVE = YES;
				CLANG_WARN_SUSPICIOUS_MOVES = YES;
				CLANG_WARN_UNREACHABLE_CODE = YES;
				CLANG_WARN__DUPLICATE_METHOD_MATCH = YES;
				"CODE_SIGN_IDENTITY[sdk=iphoneos*]" = "iPhone Developer";
				COPY_PHASE_STRIP = NO;
				DEBUG_INFORMATION_FORMAT = dwarf;
				ENABLE_STRICT_OBJC_MSGSEND = YES;
				ENABLE_TESTABILITY = YES;
				GCC_C_LANGUAGE_STANDARD = gnu99;
				GCC_DYNAMIC_NO_PIC = NO;
				GCC_NO_COMMON_BLOCKS = YES;
				GCC_OPTIMIZATION_LEVEL = 0;
				GCC_PREPROCESSOR_DEFINITIONS = (
					"DEBUG=1",
					"$(inherited)",
				);
				GCC_WARN_64_TO_32_BIT_CONVERSION = YES;
				GCC_WARN_ABOUT_RETURN_TYPE = YES_ERROR;
				GCC_WARN_UNDECLARED_SELECTOR = YES;
				GCC_WARN_UNINITIALIZED_AUTOS = YES_AGGRESSIVE;
				GCC_WARN_UNUSED_FUNCTION = YES;
				GCC_WARN_UNUSED_VARIABLE = YES;
				IPHONEOS_DEPLOYMENT_TARGET = 10.0;
				MTL_ENABLE_DEBUG_INFO = YES;
				ONLY_ACTIVE_ARCH = YES;
				SDKROOT = iphoneos;
				SWIFT_ACTIVE_COMPILATION_CONDITIONS = DEBUG;
				SWIFT_OPTIMIZATION_LEVEL = "-Onone";
				TARGETED_DEVICE_FAMILY = "1,2";
			};
			name = Debug;
		};
		C2922FEE1DC322B900AD8E2A /* Release */ = {
			isa = XCBuildConfiguration;
			buildSettings = {
				ALWAYS_SEARCH_USER_PATHS = NO;
				CLANG_ANALYZER_NONNULL = YES;
				CLANG_CXX_LANGUAGE_STANDARD = "gnu++0x";
				CLANG_CXX_LIBRARY = "libc++";
				CLANG_ENABLE_MODULES = YES;
				CLANG_ENABLE_OBJC_ARC = YES;
				CLANG_WARN_BOOL_CONVERSION = YES;
				CLANG_WARN_CONSTANT_CONVERSION = YES;
				CLANG_WARN_DIRECT_OBJC_ISA_USAGE = YES_ERROR;
				CLANG_WARN_DOCUMENTATION_COMMENTS = YES;
				CLANG_WARN_EMPTY_BODY = YES;
				CLANG_WARN_ENUM_CONVERSION = YES;
				CLANG_WARN_INFINITE_RECURSION = YES;
				CLANG_WARN_INT_CONVERSION = YES;
				CLANG_WARN_OBJC_ROOT_CLASS = YES_ERROR;
				CLANG_WARN_SUSPICIOUS_MOVE = YES;
				CLANG_WARN_SUSPICIOUS_MOVES = YES;
				CLANG_WARN_UNREACHABLE_CODE = YES;
				CLANG_WARN__DUPLICATE_METHOD_MATCH = YES;
				"CODE_SIGN_IDENTITY[sdk=iphoneos*]" = "iPhone Developer";
				COPY_PHASE_STRIP = NO;
				DEBUG_INFORMATION_FORMAT = "dwarf-with-dsym";
				ENABLE_NS_ASSERTIONS = NO;
				ENABLE_STRICT_OBJC_MSGSEND = YES;
				GCC_C_LANGUAGE_STANDARD = gnu99;
				GCC_NO_COMMON_BLOCKS = YES;
				GCC_WARN_64_TO_32_BIT_CONVERSION = YES;
				GCC_WARN_ABOUT_RETURN_TYPE = YES_ERROR;
				GCC_WARN_UNDECLARED_SELECTOR = YES;
				GCC_WARN_UNINITIALIZED_AUTOS = YES_AGGRESSIVE;
				GCC_WARN_UNUSED_FUNCTION = YES;
				GCC_WARN_UNUSED_VARIABLE = YES;
				IPHONEOS_DEPLOYMENT_TARGET = 10.0;
				MTL_ENABLE_DEBUG_INFO = NO;
				SDKROOT = iphoneos;
				SWIFT_OPTIMIZATION_LEVEL = "-Owholemodule";
				TARGETED_DEVICE_FAMILY = "1,2";
				VALIDATE_PRODUCT = YES;
			};
			name = Release;
		};
		C2922FF01DC322B900AD8E2A /* Debug */ = {
			isa = XCBuildConfiguration;
			buildSettings = {
				ASSETCATALOG_COMPILER_APPICON_NAME = AppIcon;
				DEVELOPMENT_TEAM = 299MFJ63GP;
				INFOPLIST_FILE = AnimationDemo/Info.plist;
				LD_RUNPATH_SEARCH_PATHS = "$(inherited) @executable_path/Frameworks";
				PRODUCT_BUNDLE_IDENTIFIER = com.tencent.teg.AnimationDemo;
				PRODUCT_NAME = "$(TARGET_NAME)";
				PROVISIONING_PROFILE = "e26abd85-7227-4afd-84ae-c277e416e47d";
				PROVISIONING_PROFILE_SPECIFIER = "teg-common-dev";
				SWIFT_VERSION = 3.0;
			};
			name = Debug;
		};
		C2922FF11DC322B900AD8E2A /* Release */ = {
			isa = XCBuildConfiguration;
			buildSettings = {
				ASSETCATALOG_COMPILER_APPICON_NAME = AppIcon;
				"CODE_SIGN_IDENTITY[sdk=iphoneos*]" = "iPhone Developer";
				DEVELOPMENT_TEAM = 299MFJ63GP;
				INFOPLIST_FILE = AnimationDemo/Info.plist;
				LD_RUNPATH_SEARCH_PATHS = "$(inherited) @executable_path/Frameworks";
				PRODUCT_BUNDLE_IDENTIFIER = com.tencent.teg.AnimationDemo;
				PRODUCT_NAME = "$(TARGET_NAME)";
				PROVISIONING_PROFILE = "e26abd85-7227-4afd-84ae-c277e416e47d";
				PROVISIONING_PROFILE_SPECIFIER = "teg-common-dev";
				SWIFT_VERSION = 3.0;
			};
			name = Release;
		};
/* End XCBuildConfiguration section */

/* Begin XCConfigurationList section */
		C2922FD61DC322B900AD8E2A /* Build configuration list for PBXProject "AnimationDemo" */ = {
			isa = XCConfigurationList;
			buildConfigurations = (
				C2922FED1DC322B900AD8E2A /* Debug */,
				C2922FEE1DC322B900AD8E2A /* Release */,
			);
			defaultConfigurationIsVisible = 0;
			defaultConfigurationName = Release;
		};
		C2922FEF1DC322B900AD8E2A /* Build configuration list for PBXNativeTarget "AnimationDemo" */ = {
			isa = XCConfigurationList;
			buildConfigurations = (
				C2922FF01DC322B900AD8E2A /* Debug */,
				C2922FF11DC322B900AD8E2A /* Release */,
			);
			defaultConfigurationIsVisible = 0;
			defaultConfigurationName = Release;
		};
/* End XCConfigurationList section */
	};
	rootObject = C2922FD31DC322B900AD8E2A /* Project object */;
}
